// !$*UTF8*$!
{
	archiveVersion = 1;
	classes = {
	};
	objectVersion = 50;
	objects = {

/* Begin PBXBuildFile section */
		12008B84247F7FFD005921B5 /* Success.swift in Sources */ = {isa = PBXBuildFile; fileRef = 12008B83247F7FFD005921B5 /* Success.swift */; };
		12034AE12478164C0060D263 /* libsqlite3.tbd in Frameworks */ = {isa = PBXBuildFile; fileRef = 12034AE02478164C0060D263 /* libsqlite3.tbd */; };
		1262E863247C0D23002EEBE9 /* SearchResultsController.swift in Sources */ = {isa = PBXBuildFile; fileRef = 1262E862247C0D23002EEBE9 /* SearchResultsController.swift */; };
		12645782247D17D400982BC0 /* Menu.swift in Sources */ = {isa = PBXBuildFile; fileRef = 12645781247D17D400982BC0 /* Menu.swift */; };
		12645784247D285B00982BC0 /* Food.swift in Sources */ = {isa = PBXBuildFile; fileRef = 12645783247D285B00982BC0 /* Food.swift */; };
		12645786247D542E00982BC0 /* Detail.swift in Sources */ = {isa = PBXBuildFile; fileRef = 12645785247D542E00982BC0 /* Detail.swift */; };
		12645788247D65F500982BC0 /* Cart.swift in Sources */ = {isa = PBXBuildFile; fileRef = 12645787247D65F500982BC0 /* Cart.swift */; };
		1264578E247D6B8500982BC0 /* Mine.swift in Sources */ = {isa = PBXBuildFile; fileRef = 1264578D247D6B8500982BC0 /* Mine.swift */; };
		12645790247D6BCB00982BC0 /* Mine.plist in Resources */ = {isa = PBXBuildFile; fileRef = 1264578F247D6BCB00982BC0 /* Mine.plist */; };
		1276AFD924769A5400D6259F /* Restaurants.plist in Resources */ = {isa = PBXBuildFile; fileRef = 1276AFD824769A5400D6259F /* Restaurants.plist */; };
		1281A2532475699D004CEEEC /* AppDelegate.swift in Sources */ = {isa = PBXBuildFile; fileRef = 1281A2522475699D004CEEEC /* AppDelegate.swift */; };
		1281A25A2475699D004CEEEC /* Main.storyboard in Resources */ = {isa = PBXBuildFile; fileRef = 1281A2582475699D004CEEEC /* Main.storyboard */; };
		1281A25C2475699F004CEEEC /* Assets.xcassets in Resources */ = {isa = PBXBuildFile; fileRef = 1281A25B2475699F004CEEEC /* Assets.xcassets */; };
		1281A25F2475699F004CEEEC /* LaunchScreen.storyboard in Resources */ = {isa = PBXBuildFile; fileRef = 1281A25D2475699F004CEEEC /* LaunchScreen.storyboard */; };
		1281A26A2475699F004CEEEC /* I_m_HUNGRY_Tests.swift in Sources */ = {isa = PBXBuildFile; fileRef = 1281A2692475699F004CEEEC /* I_m_HUNGRY_Tests.swift */; };
		1281A2752475699F004CEEEC /* I_m_HUNGRY_UITests.swift in Sources */ = {isa = PBXBuildFile; fileRef = 1281A2742475699F004CEEEC /* I_m_HUNGRY_UITests.swift */; };
		12FEC247247D90ED005EC6DB /* About.swift in Sources */ = {isa = PBXBuildFile; fileRef = 12FEC246247D90ED005EC6DB /* About.swift */; };
/* End PBXBuildFile section */

/* Begin PBXContainerItemProxy section */
		1281A2662475699F004CEEEC /* PBXContainerItemProxy */ = {
			isa = PBXContainerItemProxy;
			containerPortal = 1281A2472475699D004CEEEC /* Project object */;
			proxyType = 1;
			remoteGlobalIDString = 1281A24E2475699D004CEEEC;
			remoteInfo = "I'm HUNGRY!";
		};
		1281A2712475699F004CEEEC /* PBXContainerItemProxy */ = {
			isa = PBXContainerItemProxy;
			containerPortal = 1281A2472475699D004CEEEC /* Project object */;
			proxyType = 1;
			remoteGlobalIDString = 1281A24E2475699D004CEEEC;
			remoteInfo = "I'm HUNGRY!";
		};
/* End PBXContainerItemProxy section */

/* Begin PBXFileReference section */
		12008B83247F7FFD005921B5 /* Success.swift */ = {isa = PBXFileReference; lastKnownFileType = sourcecode.swift; path = Success.swift; sourceTree = "<group>"; };
		12034AE02478164C0060D263 /* libsqlite3.tbd */ = {isa = PBXFileReference; lastKnownFileType = "sourcecode.text-based-dylib-definition"; name = libsqlite3.tbd; path = usr/lib/libsqlite3.tbd; sourceTree = SDKROOT; };
		12034AE2247816B30060D263 /* I'm HUNGRY!-Bridging-Header.h */ = {isa = PBXFileReference; lastKnownFileType = sourcecode.c.h; path = "I'm HUNGRY!-Bridging-Header.h"; sourceTree = "<group>"; };
		1262E862247C0D23002EEBE9 /* SearchResultsController.swift */ = {isa = PBXFileReference; lastKnownFileType = sourcecode.swift; path = SearchResultsController.swift; sourceTree = "<group>"; };
		12645781247D17D400982BC0 /* Menu.swift */ = {isa = PBXFileReference; lastKnownFileType = sourcecode.swift; path = Menu.swift; sourceTree = "<group>"; };
		12645783247D285B00982BC0 /* Food.swift */ = {isa = PBXFileReference; lastKnownFileType = sourcecode.swift; path = Food.swift; sourceTree = "<group>"; };
		12645785247D542E00982BC0 /* Detail.swift */ = {isa = PBXFileReference; lastKnownFileType = sourcecode.swift; path = Detail.swift; sourceTree = "<group>"; };
		12645787247D65F500982BC0 /* Cart.swift */ = {isa = PBXFileReference; lastKnownFileType = sourcecode.swift; path = Cart.swift; sourceTree = "<group>"; };
		1264578D247D6B8500982BC0 /* Mine.swift */ = {isa = PBXFileReference; lastKnownFileType = sourcecode.swift; path = Mine.swift; sourceTree = "<group>"; };
		1264578F247D6BCB00982BC0 /* Mine.plist */ = {isa = PBXFileReference; lastKnownFileType = text.plist.xml; path = Mine.plist; sourceTree = "<group>"; };
		1276AFD824769A5400D6259F /* Restaurants.plist */ = {isa = PBXFileReference; lastKnownFileType = text.plist.xml; path = Restaurants.plist; sourceTree = "<group>"; };
		1281A24F2475699D004CEEEC /* I'm HUNGRY!.app */ = {isa = PBXFileReference; explicitFileType = wrapper.application; includeInIndex = 0; path = "I'm HUNGRY!.app"; sourceTree = BUILT_PRODUCTS_DIR; };
		1281A2522475699D004CEEEC /* AppDelegate.swift */ = {isa = PBXFileReference; lastKnownFileType = sourcecode.swift; path = AppDelegate.swift; sourceTree = "<group>"; };
		1281A2592475699D004CEEEC /* Base */ = {isa = PBXFileReference; lastKnownFileType = file.storyboard; name = Base; path = Base.lproj/Main.storyboard; sourceTree = "<group>"; };
		1281A25B2475699F004CEEEC /* Assets.xcassets */ = {isa = PBXFileReference; lastKnownFileType = folder.assetcatalog; path = Assets.xcassets; sourceTree = "<group>"; };
		1281A25E2475699F004CEEEC /* Base */ = {isa = PBXFileReference; lastKnownFileType = file.storyboard; name = Base; path = Base.lproj/LaunchScreen.storyboard; sourceTree = "<group>"; };
		1281A2602475699F004CEEEC /* Info.plist */ = {isa = PBXFileReference; lastKnownFileType = text.plist.xml; path = Info.plist; sourceTree = "<group>"; };
		1281A2652475699F004CEEEC /* I'm HUNGRY!Tests.xctest */ = {isa = PBXFileReference; explicitFileType = wrapper.cfbundle; includeInIndex = 0; path = "I'm HUNGRY!Tests.xctest"; sourceTree = BUILT_PRODUCTS_DIR; };
		1281A2692475699F004CEEEC /* I_m_HUNGRY_Tests.swift */ = {isa = PBXFileReference; lastKnownFileType = sourcecode.swift; path = I_m_HUNGRY_Tests.swift; sourceTree = "<group>"; };
		1281A26B2475699F004CEEEC /* Info.plist */ = {isa = PBXFileReference; lastKnownFileType = text.plist.xml; path = Info.plist; sourceTree = "<group>"; };
		1281A2702475699F004CEEEC /* I'm HUNGRY!UITests.xctest */ = {isa = PBXFileReference; explicitFileType = wrapper.cfbundle; includeInIndex = 0; path = "I'm HUNGRY!UITests.xctest"; sourceTree = BUILT_PRODUCTS_DIR; };
		1281A2742475699F004CEEEC /* I_m_HUNGRY_UITests.swift */ = {isa = PBXFileReference; lastKnownFileType = sourcecode.swift; path = I_m_HUNGRY_UITests.swift; sourceTree = "<group>"; };
		1281A2762475699F004CEEEC /* Info.plist */ = {isa = PBXFileReference; lastKnownFileType = text.plist.xml; path = Info.plist; sourceTree = "<group>"; };
		12FEC246247D90ED005EC6DB /* About.swift */ = {isa = PBXFileReference; lastKnownFileType = sourcecode.swift; path = About.swift; sourceTree = "<group>"; };
/* End PBXFileReference section */

/* Begin PBXFrameworksBuildPhase section */
		1281A24C2475699D004CEEEC /* Frameworks */ = {
			isa = PBXFrameworksBuildPhase;
			buildActionMask = 2147483647;
			files = (
				12034AE12478164C0060D263 /* libsqlite3.tbd in Frameworks */,
			);
			runOnlyForDeploymentPostprocessing = 0;
		};
		1281A2622475699F004CEEEC /* Frameworks */ = {
			isa = PBXFrameworksBuildPhase;
			buildActionMask = 2147483647;
			files = (
			);
			runOnlyForDeploymentPostprocessing = 0;
		};
		1281A26D2475699F004CEEEC /* Frameworks */ = {
			isa = PBXFrameworksBuildPhase;
			buildActionMask = 2147483647;
			files = (
			);
			runOnlyForDeploymentPostprocessing = 0;
		};
/* End PBXFrameworksBuildPhase section */

/* Begin PBXGroup section */
		12034ADF2478164C0060D263 /* Frameworks */ = {
			isa = PBXGroup;
			children = (
				12034AE02478164C0060D263 /* libsqlite3.tbd */,
			);
			name = Frameworks;
			sourceTree = "<group>";
		};
		1281A2462475699D004CEEEC = {
			isa = PBXGroup;
			children = (
				1281A2512475699D004CEEEC /* I'm HUNGRY! */,
				1281A2682475699F004CEEEC /* I'm HUNGRY!Tests */,
				1281A2732475699F004CEEEC /* I'm HUNGRY!UITests */,
				1281A2502475699D004CEEEC /* Products */,
				12034ADF2478164C0060D263 /* Frameworks */,
			);
			sourceTree = "<group>";
		};
		1281A2502475699D004CEEEC /* Products */ = {
			isa = PBXGroup;
			children = (
				1281A24F2475699D004CEEEC /* I'm HUNGRY!.app */,
				1281A2652475699F004CEEEC /* I'm HUNGRY!Tests.xctest */,
				1281A2702475699F004CEEEC /* I'm HUNGRY!UITests.xctest */,
			);
			name = Products;
			sourceTree = "<group>";
		};
		1281A2512475699D004CEEEC /* I'm HUNGRY! */ = {
			isa = PBXGroup;
			children = (
				1281A2522475699D004CEEEC /* AppDelegate.swift */,
				1281A2582475699D004CEEEC /* Main.storyboard */,
				1281A25B2475699F004CEEEC /* Assets.xcassets */,
				1281A25D2475699F004CEEEC /* LaunchScreen.storyboard */,
				1281A2602475699F004CEEEC /* Info.plist */,
				1276AFD824769A5400D6259F /* Restaurants.plist */,
				12034AE2247816B30060D263 /* I'm HUNGRY!-Bridging-Header.h */,
				1262E862247C0D23002EEBE9 /* SearchResultsController.swift */,
				12645781247D17D400982BC0 /* Menu.swift */,
				12645783247D285B00982BC0 /* Food.swift */,
				12645785247D542E00982BC0 /* Detail.swift */,
				12645787247D65F500982BC0 /* Cart.swift */,
				1264578D247D6B8500982BC0 /* Mine.swift */,
				1264578F247D6BCB00982BC0 /* Mine.plist */,
				12FEC246247D90ED005EC6DB /* About.swift */,
				12008B83247F7FFD005921B5 /* Success.swift */,
			);
			path = "I'm HUNGRY!";
			sourceTree = "<group>";
		};
		1281A2682475699F004CEEEC /* I'm HUNGRY!Tests */ = {
			isa = PBXGroup;
			children = (
				1281A2692475699F004CEEEC /* I_m_HUNGRY_Tests.swift */,
				1281A26B2475699F004CEEEC /* Info.plist */,
			);
			path = "I'm HUNGRY!Tests";
			sourceTree = "<group>";
		};
		1281A2732475699F004CEEEC /* I'm HUNGRY!UITests */ = {
			isa = PBXGroup;
			children = (
				1281A2742475699F004CEEEC /* I_m_HUNGRY_UITests.swift */,
				1281A2762475699F004CEEEC /* Info.plist */,
			);
			path = "I'm HUNGRY!UITests";
			sourceTree = "<group>";
		};
/* End PBXGroup section */

/* Begin PBXNativeTarget section */
		1281A24E2475699D004CEEEC /* I'm HUNGRY! */ = {
			isa = PBXNativeTarget;
			buildConfigurationList = 1281A2792475699F004CEEEC /* Build configuration list for PBXNativeTarget "I'm HUNGRY!" */;
			buildPhases = (
				1281A24B2475699D004CEEEC /* Sources */,
				1281A24C2475699D004CEEEC /* Frameworks */,
				1281A24D2475699D004CEEEC /* Resources */,
			);
			buildRules = (
			);
			dependencies = (
			);
			name = "I'm HUNGRY!";
			productName = "I'm HUNGRY!";
			productReference = 1281A24F2475699D004CEEEC /* I'm HUNGRY!.app */;
			productType = "com.apple.product-type.application";
		};
		1281A2642475699F004CEEEC /* I'm HUNGRY!Tests */ = {
			isa = PBXNativeTarget;
			buildConfigurationList = 1281A27C2475699F004CEEEC /* Build configuration list for PBXNativeTarget "I'm HUNGRY!Tests" */;
			buildPhases = (
				1281A2612475699F004CEEEC /* Sources */,
				1281A2622475699F004CEEEC /* Frameworks */,
				1281A2632475699F004CEEEC /* Resources */,
			);
			buildRules = (
			);
			dependencies = (
				1281A2672475699F004CEEEC /* PBXTargetDependency */,
			);
			name = "I'm HUNGRY!Tests";
			productName = "I'm HUNGRY!Tests";
			productReference = 1281A2652475699F004CEEEC /* I'm HUNGRY!Tests.xctest */;
			productType = "com.apple.product-type.bundle.unit-test";
		};
		1281A26F2475699F004CEEEC /* I'm HUNGRY!UITests */ = {
			isa = PBXNativeTarget;
			buildConfigurationList = 1281A27F2475699F004CEEEC /* Build configuration list for PBXNativeTarget "I'm HUNGRY!UITests" */;
			buildPhases = (
				1281A26C2475699F004CEEEC /* Sources */,
				1281A26D2475699F004CEEEC /* Frameworks */,
				1281A26E2475699F004CEEEC /* Resources */,
			);
			buildRules = (
			);
			dependencies = (
				1281A2722475699F004CEEEC /* PBXTargetDependency */,
			);
			name = "I'm HUNGRY!UITests";
			productName = "I'm HUNGRY!UITests";
			productReference = 1281A2702475699F004CEEEC /* I'm HUNGRY!UITests.xctest */;
			productType = "com.apple.product-type.bundle.ui-testing";
		};
/* End PBXNativeTarget section */

/* Begin PBXProject section */
		1281A2472475699D004CEEEC /* Project object */ = {
			isa = PBXProject;
			attributes = {
				LastSwiftUpdateCheck = 1000;
				LastUpgradeCheck = 1000;
				ORGANIZATIONNAME = ZYC;
				TargetAttributes = {
					1281A24E2475699D004CEEEC = {
						CreatedOnToolsVersion = 10.0;
						LastSwiftMigration = 1000;
					};
					1281A2642475699F004CEEEC = {
						CreatedOnToolsVersion = 10.0;
						TestTargetID = 1281A24E2475699D004CEEEC;
					};
					1281A26F2475699F004CEEEC = {
						CreatedOnToolsVersion = 10.0;
						TestTargetID = 1281A24E2475699D004CEEEC;
					};
				};
			};
			buildConfigurationList = 1281A24A2475699D004CEEEC /* Build configuration list for PBXProject "I'm HUNGRY!" */;
			compatibilityVersion = "Xcode 9.3";
			developmentRegion = en;
			hasScannedForEncodings = 0;
			knownRegions = (
				en,
				Base,
			);
			mainGroup = 1281A2462475699D004CEEEC;
			productRefGroup = 1281A2502475699D004CEEEC /* Products */;
			projectDirPath = "";
			projectRoot = "";
			targets = (
				1281A24E2475699D004CEEEC /* I'm HUNGRY! */,
				1281A2642475699F004CEEEC /* I'm HUNGRY!Tests */,
				1281A26F2475699F004CEEEC /* I'm HUNGRY!UITests */,
			);
		};
/* End PBXProject section */

/* Begin PBXResourcesBuildPhase section */
		1281A24D2475699D004CEEEC /* Resources */ = {
			isa = PBXResourcesBuildPhase;
			buildActionMask = 2147483647;
			files = (
				1281A25F2475699F004CEEEC /* LaunchScreen.storyboard in Resources */,
				1281A25C2475699F004CEEEC /* Assets.xcassets in Resources */,
				1281A25A2475699D004CEEEC /* Main.storyboard in Resources */,
				12645790247D6BCB00982BC0 /* Mine.plist in Resources */,
				1276AFD924769A5400D6259F /* Restaurants.plist in Resources */,
			);
			runOnlyForDeploymentPostprocessing = 0;
		};
		1281A2632475699F004CEEEC /* Resources */ = {
			isa = PBXResourcesBuildPhase;
			buildActionMask = 2147483647;
			files = (
			);
			runOnlyForDeploymentPostprocessing = 0;
		};
		1281A26E2475699F004CEEEC /* Resources */ = {
			isa = PBXResourcesBuildPhase;
			buildActionMask = 2147483647;
			files = (
			);
			runOnlyForDeploymentPostprocessing = 0;
		};
/* End PBXResourcesBuildPhase section */

/* Begin PBXSourcesBuildPhase section */
		1281A24B2475699D004CEEEC /* Sources */ = {
			isa = PBXSourcesBuildPhase;
			buildActionMask = 2147483647;
			files = (
				12645784247D285B00982BC0 /* Food.swift in Sources */,
				12008B84247F7FFD005921B5 /* Success.swift in Sources */,
				12FEC247247D90ED005EC6DB /* About.swift in Sources */,
				12645788247D65F500982BC0 /* Cart.swift in Sources */,
				12645786247D542E00982BC0 /* Detail.swift in Sources */,
				1264578E247D6B8500982BC0 /* Mine.swift in Sources */,
				12645782247D17D400982BC0 /* Menu.swift in Sources */,
				1281A2532475699D004CEEEC /* AppDelegate.swift in Sources */,
				1262E863247C0D23002EEBE9 /* SearchResultsController.swift in Sources */,
			);
			runOnlyForDeploymentPostprocessing = 0;
		};
		1281A2612475699F004CEEEC /* Sources */ = {
			isa = PBXSourcesBuildPhase;
			buildActionMask = 2147483647;
			files = (
				1281A26A2475699F004CEEEC /* I_m_HUNGRY_Tests.swift in Sources */,
			);
			runOnlyForDeploymentPostprocessing = 0;
		};
		1281A26C2475699F004CEEEC /* Sources */ = {
			isa = PBXSourcesBuildPhase;
			buildActionMask = 2147483647;
			files = (
				1281A2752475699F004CEEEC /* I_m_HUNGRY_UITests.swift in Sources */,
			);
			runOnlyForDeploymentPostprocessing = 0;
		};
/* End PBXSourcesBuildPhase section */

/* Begin PBXTargetDependency section */
		1281A2672475699F004CEEEC /* PBXTargetDependency */ = {
			isa = PBXTargetDependency;
			target = 1281A24E2475699D004CEEEC /* I'm HUNGRY! */;
			targetProxy = 1281A2662475699F004CEEEC /* PBXContainerItemProxy */;
		};
		1281A2722475699F004CEEEC /* PBXTargetDependency */ = {
			isa = PBXTargetDependency;
			target = 1281A24E2475699D004CEEEC /* I'm HUNGRY! */;
			targetProxy = 1281A2712475699F004CEEEC /* PBXContainerItemProxy */;
		};
/* End PBXTargetDependency section */

/* Begin PBXVariantGroup section */
		1281A2582475699D004CEEEC /* Main.storyboard */ = {
			isa = PBXVariantGroup;
			children = (
				1281A2592475699D004CEEEC /* Base */,
			);
			name = Main.storyboard;
			sourceTree = "<group>";
		};
		1281A25D2475699F004CEEEC /* LaunchScreen.storyboard */ = {
			isa = PBXVariantGroup;
			children = (
				1281A25E2475699F004CEEEC /* Base */,
			);
			name = LaunchScreen.storyboard;
			sourceTree = "<group>";
		};
/* End PBXVariantGroup section */

/* Begin XCBuildConfiguration section */
		1281A2772475699F004CEEEC /* Debug */ = {
			isa = XCBuildConfiguration;
			buildSettings = {
				ALWAYS_SEARCH_USER_PATHS = NO;
				CLANG_ANALYZER_NONNULL = YES;
				CLANG_ANALYZER_NUMBER_OBJECT_CONVERSION = YES_AGGRESSIVE;
				CLANG_CXX_LANGUAGE_STANDARD = "gnu++14";
				CLANG_CXX_LIBRARY = "libc++";
				CLANG_ENABLE_MODULES = YES;
				CLANG_ENABLE_OBJC_ARC = YES;
				CLANG_ENABLE_OBJC_WEAK = YES;
				CLANG_WARN_BLOCK_CAPTURE_AUTORELEASING = YES;
				CLANG_WARN_BOOL_CONVERSION = YES;
				CLANG_WARN_COMMA = YES;
				CLANG_WARN_CONSTANT_CONVERSION = YES;
				CLANG_WARN_DEPRECATED_OBJC_IMPLEMENTATIONS = YES;
				CLANG_WARN_DIRECT_OBJC_ISA_USAGE = YES_ERROR;
				CLANG_WARN_DOCUMENTATION_COMMENTS = YES;
				CLANG_WARN_EMPTY_BODY = YES;
				CLANG_WARN_ENUM_CONVERSION = YES;
				CLANG_WARN_INFINITE_RECURSION = YES;
				CLANG_WARN_INT_CONVERSION = YES;
				CLANG_WARN_NON_LITERAL_NULL_CONVERSION = YES;
				CLANG_WARN_OBJC_IMPLICIT_RETAIN_SELF = YES;
				CLANG_WARN_OBJC_LITERAL_CONVERSION = YES;
				CLANG_WARN_OBJC_ROOT_CLASS = YES_ERROR;
				CLANG_WARN_RANGE_LOOP_ANALYSIS = YES;
				CLANG_WARN_STRICT_PROTOTYPES = YES;
				CLANG_WARN_SUSPICIOUS_MOVE = YES;
				CLANG_WARN_UNGUARDED_AVAILABILITY = YES_AGGRESSIVE;
				CLANG_WARN_UNREACHABLE_CODE = YES;
				CLANG_WARN__DUPLICATE_METHOD_MATCH = YES;
				CODE_SIGN_IDENTITY = "iPhone Developer";
				COPY_PHASE_STRIP = NO;
				DEBUG_INFORMATION_FORMAT = dwarf;
				ENABLE_STRICT_OBJC_MSGSEND = YES;
				ENABLE_TESTABILITY = YES;
				GCC_C_LANGUAGE_STANDARD = gnu11;
				GCC_DYNAMIC_NO_PIC = NO;
				GCC_NO_COMMON_BLOCKS = YES;
				GCC_OPTIMIZATION_LEVEL = 0;
				GCC_PREPROCESSOR_DEFINITIONS = (
					"DEBUG=1",
					"$(inherited)",
				);
				GCC_WARN_64_TO_32_BIT_CONVERSION = YES;
				GCC_WARN_ABOUT_RETURN_TYPE = YES_ERROR;
				GCC_WARN_UNDECLARED_SELECTOR = YES;
				GCC_WARN_UNINITIALIZED_AUTOS = YES_AGGRESSIVE;
				GCC_WARN_UNUSED_FUNCTION = YES;
				GCC_WARN_UNUSED_VARIABLE = YES;
				IPHONEOS_DEPLOYMENT_TARGET = 12.0;
				MTL_ENABLE_DEBUG_INFO = INCLUDE_SOURCE;
				MTL_FAST_MATH = YES;
				ONLY_ACTIVE_ARCH = YES;
				SDKROOT = iphoneos;
				SWIFT_ACTIVE_COMPILATION_CONDITIONS = DEBUG;
				SWIFT_OPTIMIZATION_LEVEL = "-Onone";
			};
			name = Debug;
		};
		1281A2782475699F004CEEEC /* Release */ = {
			isa = XCBuildConfiguration;
			buildSettings = {
				ALWAYS_SEARCH_USER_PATHS = NO;
				CLANG_ANALYZER_NONNULL = YES;
				CLANG_ANALYZER_NUMBER_OBJECT_CONVERSION = YES_AGGRESSIVE;
				CLANG_CXX_LANGUAGE_STANDARD = "gnu++14";
				CLANG_CXX_LIBRARY = "libc++";
				CLANG_ENABLE_MODULES = YES;
				CLANG_ENABLE_OBJC_ARC = YES;
				CLANG_ENABLE_OBJC_WEAK = YES;
				CLANG_WARN_BLOCK_CAPTURE_AUTORELEASING = YES;
				CLANG_WARN_BOOL_CONVERSION = YES;
				CLANG_WARN_COMMA = YES;
				CLANG_WARN_CONSTANT_CONVERSION = YES;
				CLANG_WARN_DEPRECATED_OBJC_IMPLEMENTATIONS = YES;
				CLANG_WARN_DIRECT_OBJC_ISA_USAGE = YES_ERROR;
				CLANG_WARN_DOCUMENTATION_COMMENTS = YES;
				CLANG_WARN_EMPTY_BODY = YES;
				CLANG_WARN_ENUM_CONVERSION = YES;
				CLANG_WARN_INFINITE_RECURSION = YES;
				CLANG_WARN_INT_CONVERSION = YES;
				CLANG_WARN_NON_LITERAL_NULL_CONVERSION = YES;
				CLANG_WARN_OBJC_IMPLICIT_RETAIN_SELF = YES;
				CLANG_WARN_OBJC_LITERAL_CONVERSION = YES;
				CLANG_WARN_OBJC_ROOT_CLASS = YES_ERROR;
				CLANG_WARN_RANGE_LOOP_ANALYSIS = YES;
				CLANG_WARN_STRICT_PROTOTYPES = YES;
				CLANG_WARN_SUSPICIOUS_MOVE = YES;
				CLANG_WARN_UNGUARDED_AVAILABILITY = YES_AGGRESSIVE;
				CLANG_WARN_UNREACHABLE_CODE = YES;
				CLANG_WARN__DUPLICATE_METHOD_MATCH = YES;
				CODE_SIGN_IDENTITY = "iPhone Developer";
				COPY_PHASE_STRIP = NO;
				DEBUG_INFORMATION_FORMAT = "dwarf-with-dsym";
				ENABLE_NS_ASSERTIONS = NO;
				ENABLE_STRICT_OBJC_MSGSEND = YES;
				GCC_C_LANGUAGE_STANDARD = gnu11;
				GCC_NO_COMMON_BLOCKS = YES;
				GCC_WARN_64_TO_32_BIT_CONVERSION = YES;
				GCC_WARN_ABOUT_RETURN_TYPE = YES_ERROR;
				GCC_WARN_UNDECLARED_SELECTOR = YES;
				GCC_WARN_UNINITIALIZED_AUTOS = YES_AGGRESSIVE;
				GCC_WARN_UNUSED_FUNCTION = YES;
				GCC_WARN_UNUSED_VARIABLE = YES;
				IPHONEOS_DEPLOYMENT_TARGET = 12.0;
				MTL_ENABLE_DEBUG_INFO = NO;
				MTL_FAST_MATH = YES;
				SDKROOT = iphoneos;
				SWIFT_COMPILATION_MODE = wholemodule;
				SWIFT_OPTIMIZATION_LEVEL = "-O";
				VALIDATE_PRODUCT = YES;
			};
			name = Release;
		};
		1281A27A2475699F004CEEEC /* Debug */ = {
			isa = XCBuildConfiguration;
			buildSettings = {
				ASSETCATALOG_COMPILER_APPICON_NAME = AppIcon;
				CLANG_ENABLE_MODULES = YES;
				CODE_SIGN_STYLE = Automatic;
				INFOPLIST_FILE = "I'm HUNGRY!/Info.plist";
				LD_RUNPATH_SEARCH_PATHS = (
					"$(inherited)",
					"@executable_path/Frameworks",
				);
				PRODUCT_BUNDLE_IDENTIFIER = "zyc.I-m-HUNGRY-";
				PRODUCT_NAME = "$(TARGET_NAME)";
				SWIFT_OBJC_BRIDGING_HEADER = "I'm HUNGRY!/I'm HUNGRY!-Bridging-Header.h";
				SWIFT_OPTIMIZATION_LEVEL = "-Onone";
				SWIFT_VERSION = 4.2;
				TARGETED_DEVICE_FAMILY = 1;
			};
			name = Debug;
		};
		1281A27B2475699F004CEEEC /* Release */ = {
			isa = XCBuildConfiguration;
			buildSettings = {
				ASSETCATALOG_COMPILER_APPICON_NAME = AppIcon;
				CLANG_ENABLE_MODULES = YES;
				CODE_SIGN_STYLE = Automatic;
				INFOPLIST_FILE = "I'm HUNGRY!/Info.plist";
				LD_RUNPATH_SEARCH_PATHS = (
					"$(inherited)",
					"@executable_path/Frameworks",
				);
				PRODUCT_BUNDLE_IDENTIFIER = "zyc.I-m-HUNGRY-";
				PRODUCT_NAME = "$(TARGET_NAME)";
				SWIFT_OBJC_BRIDGING_HEADER = "I'm HUNGRY!/I'm HUNGRY!-Bridging-Header.h";
				SWIFT_VERSION = 4.2;
				TARGETED_DEVICE_FAMILY = 1;
			};
			name = Release;
		};
		1281A27D2475699F004CEEEC /* Debug */ = {
			isa = XCBuildConfiguration;
			buildSettings = {
				ALWAYS_EMBED_SWIFT_STANDARD_LIBRARIES = YES;
				BUNDLE_LOADER = "$(TEST_HOST)";
				CODE_SIGN_STYLE = Automatic;
				INFOPLIST_FILE = "I'm HUNGRY!Tests/Info.plist";
				LD_RUNPATH_SEARCH_PATHS = (
					"$(inherited)",
					"@executable_path/Frameworks",
					"@loader_path/Frameworks",
				);
				PRODUCT_BUNDLE_IDENTIFIER = "zyc.I-m-HUNGRY-Tests";
				PRODUCT_NAME = "$(TARGET_NAME)";
				SWIFT_VERSION = 4.2;
				TARGETED_DEVICE_FAMILY = "1,2";
				TEST_HOST = "$(BUILT_PRODUCTS_DIR)/I'm HUNGRY!.app/I'm HUNGRY!";
			};
			name = Debug;
		};
		1281A27E2475699F004CEEEC /* Release */ = {
			isa = XCBuildConfiguration;
			buildSettings = {
				ALWAYS_EMBED_SWIFT_STANDARD_LIBRARIES = YES;
				BUNDLE_LOADER = "$(TEST_HOST)";
				CODE_SIGN_STYLE = Automatic;
				INFOPLIST_FILE = "I'm HUNGRY!Tests/Info.plist";
				LD_RUNPATH_SEARCH_PATHS = (
					"$(inherited)",
					"@executable_path/Frameworks",
					"@loader_path/Frameworks",
				);
				PRODUCT_BUNDLE_IDENTIFIER = "zyc.I-m-HUNGRY-Tests";
				PRODUCT_NAME = "$(TARGET_NAME)";
				SWIFT_VERSION = 4.2;
				TARGETED_DEVICE_FAMILY = "1,2";
				TEST_HOST = "$(BUILT_PRODUCTS_DIR)/I'm HUNGRY!.app/I'm HUNGRY!";
			};
			name = Release;
		};
		1281A2802475699F004CEEEC /* Debug */ = {
			isa = XCBuildConfiguration;
			buildSettings = {
				ALWAYS_EMBED_SWIFT_STANDARD_LIBRARIES = YES;
				CODE_SIGN_STYLE = Automatic;
				INFOPLIST_FILE = "I'm HUNGRY!UITests/Info.plist";
				LD_RUNPATH_SEARCH_PATHS = (
					"$(inherited)",
					"@executable_path/Frameworks",
					"@loader_path/Frameworks",
				);
				PRODUCT_BUNDLE_IDENTIFIER = "zyc.I-m-HUNGRY-UITests";
				PRODUCT_NAME = "$(TARGET_NAME)";
				SWIFT_VERSION = 4.2;
				TARGETED_DEVICE_FAMILY = "1,2";
				TEST_TARGET_NAME = "I'm HUNGRY!";
			};
			name = Debug;
		};
		1281A2812475699F004CEEEC /* Release */ = {
			isa = XCBuildConfiguration;
			buildSettings = {
				ALWAYS_EMBED_SWIFT_STANDARD_LIBRARIES = YES;
				CODE_SIGN_STYLE = Automatic;
				INFOPLIST_FILE = "I'm HUNGRY!UITests/Info.plist";
				LD_RUNPATH_SEARCH_PATHS = (
					"$(inherited)",
					"@executable_path/Frameworks",
					"@loader_path/Frameworks",
				);
				PRODUCT_BUNDLE_IDENTIFIER = "zyc.I-m-HUNGRY-UITests";
				PRODUCT_NAME = "$(TARGET_NAME)";
				SWIFT_VERSION = 4.2;
				TARGETED_DEVICE_FAMILY = "1,2";
				TEST_TARGET_NAME = "I'm HUNGRY!";
			};
			name = Release;
		};
/* End XCBuildConfiguration section */

/* Begin XCConfigurationList section */
		1281A24A2475699D004CEEEC /* Build configuration list for PBXProject "I'm HUNGRY!" */ = {
			isa = XCConfigurationList;
			buildConfigurations = (
				1281A2772475699F004CEEEC /* Debug */,
				1281A2782475699F004CEEEC /* Release */,
			);
			defaultConfigurationIsVisible = 0;
			defaultConfigurationName = Release;
		};
		1281A2792475699F004CEEEC /* Build configuration list for PBXNativeTarget "I'm HUNGRY!" */ = {
			isa = XCConfigurationList;
			buildConfigurations = (
				1281A27A2475699F004CEEEC /* Debug */,
				1281A27B2475699F004CEEEC /* Release */,
			);
			defaultConfigurationIsVisible = 0;
			defaultConfigurationName = Release;
		};
		1281A27C2475699F004CEEEC /* Build configuration list for PBXNativeTarget "I'm HUNGRY!Tests" */ = {
			isa = XCConfigurationList;
			buildConfigurations = (
				1281A27D2475699F004CEEEC /* Debug */,
				1281A27E2475699F004CEEEC /* Release */,
			);
			defaultConfigurationIsVisible = 0;
			defaultConfigurationName = Release;
		};
		1281A27F2475699F004CEEEC /* Build configuration list for PBXNativeTarget "I'm HUNGRY!UITests" */ = {
			isa = XCConfigurationList;
			buildConfigurations = (
				1281A2802475699F004CEEEC /* Debug */,
				1281A2812475699F004CEEEC /* Release */,
			);
			defaultConfigurationIsVisible = 0;
			defaultConfigurationName = Release;
		};
/* End XCConfigurationList section */
	};
	rootObject = 1281A2472475699D004CEEEC /* Project object */;
}
